
Microsoft Visual Studio Solution File, Format Version 12.00
# Visual Studio Version 17
VisualStudioVersion = 17.8.34309.116
MinimumVisualStudioVersion = 10.0.40219.1
Project("{FAE04EC0-301F-11D3-BF4B-00C04F79EFBC}") = "SocialMedia", "SocialMedia\SocialMedia.csproj", "{AD5A08CF-497C-43A5-BAB4-3DAA62E4FFB5}"
EndProject
Global
	GlobalSection(SolutionConfigurationPlatforms) = preSolution
		Debug|Any CPU = Debug|Any CPU
		Release|Any CPU = Release|Any CPU
	EndGlobalSection
	GlobalSection(ProjectConfigurationPlatforms) = postSolution
		{AD5A08CF-497C-43A5-BAB4-3DAA62E4FFB5}.Debug|Any CPU.ActiveCfg = Debug|Any CPU
		{AD5A08CF-497C-43A5-BAB4-3DAA62E4FFB5}.Debug|Any CPU.Build.0 = Debug|Any CPU
		{AD5A08CF-497C-43A5-BAB4-3DAA62E4FFB5}.Release|Any CPU.ActiveCfg = Release|Any CPU
		{AD5A08CF-497C-43A5-BAB4-3DAA62E4FFB5}.Release|Any CPU.Build.0 = Release|Any CPU
	EndGlobalSection
	GlobalSection(SolutionProperties) = preSolution
		HideSolutionNode = FALSE
	EndGlobalSection
	GlobalSection(ExtensibilityGlobals) = postSolution
		SolutionGuid = {29722F16-C7E6-43D4-BF7E-946356AC7EC1}
	EndGlobalSection
EndGlobal
